
Microsoft Visual Studio Solution File, Format Version 12.00
# Visual Studio Version 17
VisualStudioVersion = 17.5.33530.505
MinimumVisualStudioVersion = 10.0.40219.1
Project("{FAE04EC0-301F-11D3-BF4B-00C04F79EFBC}") = "PR1", "PR1.csproj", "{2AD2F821-519B-40BC-850B-F1B5839A073B}"
EndProject
Global
	GlobalSection(SolutionConfigurationPlatforms) = preSolution
		Debug|Any CPU = Debug|Any CPU
		Release|Any CPU = Release|Any CPU
	EndGlobalSection
	GlobalSection(ProjectConfigurationPlatforms) = postSolution
		{2AD2F821-519B-40BC-850B-F1B5839A073B}.Debug|Any CPU.ActiveCfg = Debug|Any CPU
		{2AD2F821-519B-40BC-850B-F1B5839A073B}.Debug|Any CPU.Build.0 = Debug|Any CPU
		{2AD2F821-519B-40BC-850B-F1B5839A073B}.Release|Any CPU.ActiveCfg = Release|Any CPU
		{2AD2F821-519B-40BC-850B-F1B5839A073B}.Release|Any CPU.Build.0 = Release|Any CPU
	EndGlobalSection
	GlobalSection(SolutionProperties) = preSolution
		HideSolutionNode = FALSE
	EndGlobalSection
	GlobalSection(ExtensibilityGlobals) = postSolution
		SolutionGuid = {0F402E7E-48C5-459D-915B-FB5E4E1A3A25}
	EndGlobalSection
EndGlobal
